// !$*UTF8*$!
{
	archiveVersion = 1;
	classes = {
	};
	objectVersion = 55;
	objects = {

/* Begin PBXBuildFile section */
		88681D55281980F400D83953 /* NewWorkoutViewController.swift in Sources */ = {isa = PBXBuildFile; fileRef = 88681D54281980F400D83953 /* NewWorkoutViewController.swift */; };
		88681D59281A9F7900D83953 /* MainTabBarController.swift in Sources */ = {isa = PBXBuildFile; fileRef = 88681D58281A9F7900D83953 /* MainTabBarController.swift */; };
		88681D5B281AA08D00D83953 /* UILabel  + Extansions.swift in Sources */ = {isa = PBXBuildFile; fileRef = 88681D5A281AA08D00D83953 /* UILabel  + Extansions.swift */; };
		88681D5D281BF9E800D83953 /* StatisticViewController.swift in Sources */ = {isa = PBXBuildFile; fileRef = 88681D5C281BF9E800D83953 /* StatisticViewController.swift */; };
		88681D5F281BFA0F00D83953 /* ProfileViewController.swift in Sources */ = {isa = PBXBuildFile; fileRef = 88681D5E281BFA0F00D83953 /* ProfileViewController.swift */; };
		88681D62281BFAD200D83953 /* DateAndRepeatView.swift in Sources */ = {isa = PBXBuildFile; fileRef = 88681D61281BFAD200D83953 /* DateAndRepeatView.swift */; };
		88681D64281BFAED00D83953 /* RepsOrTimerView.swift in Sources */ = {isa = PBXBuildFile; fileRef = 88681D63281BFAED00D83953 /* RepsOrTimerView.swift */; };
		88681D67281C191800D83953 /* Realm in Frameworks */ = {isa = PBXBuildFile; productRef = 88681D66281C191800D83953 /* Realm */; };
		88681D69281C191800D83953 /* RealmSwift in Frameworks */ = {isa = PBXBuildFile; productRef = 88681D68281C191800D83953 /* RealmSwift */; };
		88681D6B281C1CD500D83953 /* WorkoutModel.swift in Sources */ = {isa = PBXBuildFile; fileRef = 88681D6A281C1CD500D83953 /* WorkoutModel.swift */; };
		888D2C5F28201B4300ADA410 /* RealmManager.swift in Sources */ = {isa = PBXBuildFile; fileRef = 888D2C5E28201B4300ADA410 /* RealmManager.swift */; };
		888D2C62282026F600ADA410 /* SimpleAlert.swift in Sources */ = {isa = PBXBuildFile; fileRef = 888D2C61282026F600ADA410 /* SimpleAlert.swift */; };
		888D2C642821785500ADA410 /* StartWorkoutViewController.swift in Sources */ = {isa = PBXBuildFile; fileRef = 888D2C632821785500ADA410 /* StartWorkoutViewController.swift */; };
		888D2C6728218FF300ADA410 /* DetailsView.swift in Sources */ = {isa = PBXBuildFile; fileRef = 888D2C6628218FF300ADA410 /* DetailsView.swift */; };
		889F4AEA2810759000220D42 /* AppDelegate.swift in Sources */ = {isa = PBXBuildFile; fileRef = 889F4AE92810759000220D42 /* AppDelegate.swift */; };
		889F4AEC2810759000220D42 /* SceneDelegate.swift in Sources */ = {isa = PBXBuildFile; fileRef = 889F4AEB2810759000220D42 /* SceneDelegate.swift */; };
		889F4AEE2810759000220D42 /* MainViewController.swift in Sources */ = {isa = PBXBuildFile; fileRef = 889F4AED2810759000220D42 /* MainViewController.swift */; };
		889F4AF32810759400220D42 /* Assets.xcassets in Resources */ = {isa = PBXBuildFile; fileRef = 889F4AF22810759400220D42 /* Assets.xcassets */; };
		889F4AF62810759400220D42 /* LaunchScreen.storyboard in Resources */ = {isa = PBXBuildFile; fileRef = 889F4AF42810759400220D42 /* LaunchScreen.storyboard */; };
		889F4B052811DFA600220D42 /* UIFont + Extensions.swift in Sources */ = {isa = PBXBuildFile; fileRef = 889F4B042811DFA600220D42 /* UIFont + Extensions.swift */; };
		889F4B072811E09600220D42 /* UIColor + Extensions.swift in Sources */ = {isa = PBXBuildFile; fileRef = 889F4B062811E09600220D42 /* UIColor + Extensions.swift */; };
		889F4B092811E0CC00220D42 /* UIStackView + Extensions.swift in Sources */ = {isa = PBXBuildFile; fileRef = 889F4B082811E0CC00220D42 /* UIStackView + Extensions.swift */; };
		889F4B0B2811E0FC00220D42 /* UIView + Extensions.swift in Sources */ = {isa = PBXBuildFile; fileRef = 889F4B0A2811E0FC00220D42 /* UIView + Extensions.swift */; };
		889F4B112811EBA900220D42 /* Roboto-Medium.ttf in Resources */ = {isa = PBXBuildFile; fileRef = 889F4B0F2811EBA900220D42 /* Roboto-Medium.ttf */; };
		889F4B122811EBA900220D42 /* Roboto-Bold.ttf in Resources */ = {isa = PBXBuildFile; fileRef = 889F4B102811EBA900220D42 /* Roboto-Bold.ttf */; };
		889F4B152816AE8400220D42 /* CalendarView.swift in Sources */ = {isa = PBXBuildFile; fileRef = 889F4B142816AE8400220D42 /* CalendarView.swift */; };
		889F4B182816C68500220D42 /* CalendarCollectionViewCell.swift in Sources */ = {isa = PBXBuildFile; fileRef = 889F4B172816C68500220D42 /* CalendarCollectionViewCell.swift */; };
		889F4B1B2816D67B00220D42 /* WeatherView.swift in Sources */ = {isa = PBXBuildFile; fileRef = 889F4B1A2816D67B00220D42 /* WeatherView.swift */; };
		889F4B1D281722CA00220D42 /* WorkoutTableViewCell.swift in Sources */ = {isa = PBXBuildFile; fileRef = 889F4B1C281722CA00220D42 /* WorkoutTableViewCell.swift */; };
/* End PBXBuildFile section */

/* Begin PBXFileReference section */
		88681D54281980F400D83953 /* NewWorkoutViewController.swift */ = {isa = PBXFileReference; lastKnownFileType = sourcecode.swift; path = NewWorkoutViewController.swift; sourceTree = "<group>"; };
		88681D58281A9F7900D83953 /* MainTabBarController.swift */ = {isa = PBXFileReference; lastKnownFileType = sourcecode.swift; path = MainTabBarController.swift; sourceTree = "<group>"; };
		88681D5A281AA08D00D83953 /* UILabel  + Extansions.swift */ = {isa = PBXFileReference; lastKnownFileType = sourcecode.swift; path = "UILabel  + Extansions.swift"; sourceTree = "<group>"; };
		88681D5C281BF9E800D83953 /* StatisticViewController.swift */ = {isa = PBXFileReference; lastKnownFileType = sourcecode.swift; path = StatisticViewController.swift; sourceTree = "<group>"; };
		88681D5E281BFA0F00D83953 /* ProfileViewController.swift */ = {isa = PBXFileReference; lastKnownFileType = sourcecode.swift; path = ProfileViewController.swift; sourceTree = "<group>"; };
		88681D61281BFAD200D83953 /* DateAndRepeatView.swift */ = {isa = PBXFileReference; lastKnownFileType = sourcecode.swift; path = DateAndRepeatView.swift; sourceTree = "<group>"; };
		88681D63281BFAED00D83953 /* RepsOrTimerView.swift */ = {isa = PBXFileReference; lastKnownFileType = sourcecode.swift; path = RepsOrTimerView.swift; sourceTree = "<group>"; };
		88681D6A281C1CD500D83953 /* WorkoutModel.swift */ = {isa = PBXFileReference; lastKnownFileType = sourcecode.swift; path = WorkoutModel.swift; sourceTree = "<group>"; };
		888D2C5E28201B4300ADA410 /* RealmManager.swift */ = {isa = PBXFileReference; lastKnownFileType = sourcecode.swift; path = RealmManager.swift; sourceTree = "<group>"; };
		888D2C61282026F600ADA410 /* SimpleAlert.swift */ = {isa = PBXFileReference; lastKnownFileType = sourcecode.swift; path = SimpleAlert.swift; sourceTree = "<group>"; };
		888D2C632821785500ADA410 /* StartWorkoutViewController.swift */ = {isa = PBXFileReference; lastKnownFileType = sourcecode.swift; path = StartWorkoutViewController.swift; sourceTree = "<group>"; };
		888D2C6628218FF300ADA410 /* DetailsView.swift */ = {isa = PBXFileReference; lastKnownFileType = sourcecode.swift; path = DetailsView.swift; sourceTree = "<group>"; };
		889F4AE62810759000220D42 /* traningApp.app */ = {isa = PBXFileReference; explicitFileType = wrapper.application; includeInIndex = 0; path = traningApp.app; sourceTree = BUILT_PRODUCTS_DIR; };
		889F4AE92810759000220D42 /* AppDelegate.swift */ = {isa = PBXFileReference; lastKnownFileType = sourcecode.swift; path = AppDelegate.swift; sourceTree = "<group>"; };
		889F4AEB2810759000220D42 /* SceneDelegate.swift */ = {isa = PBXFileReference; lastKnownFileType = sourcecode.swift; path = SceneDelegate.swift; sourceTree = "<group>"; };
		889F4AED2810759000220D42 /* MainViewController.swift */ = {isa = PBXFileReference; lastKnownFileType = sourcecode.swift; path = MainViewController.swift; sourceTree = "<group>"; };
		889F4AF22810759400220D42 /* Assets.xcassets */ = {isa = PBXFileReference; lastKnownFileType = folder.assetcatalog; path = Assets.xcassets; sourceTree = "<group>"; };
		889F4AF52810759400220D42 /* Base */ = {isa = PBXFileReference; lastKnownFileType = file.storyboard; name = Base; path = Base.lproj/LaunchScreen.storyboard; sourceTree = "<group>"; };
		889F4AF72810759400220D42 /* Info.plist */ = {isa = PBXFileReference; lastKnownFileType = text.plist.xml; path = Info.plist; sourceTree = "<group>"; };
		889F4B042811DFA600220D42 /* UIFont + Extensions.swift */ = {isa = PBXFileReference; lastKnownFileType = sourcecode.swift; path = "UIFont + Extensions.swift"; sourceTree = "<group>"; };
		889F4B062811E09600220D42 /* UIColor + Extensions.swift */ = {isa = PBXFileReference; lastKnownFileType = sourcecode.swift; path = "UIColor + Extensions.swift"; sourceTree = "<group>"; };
		889F4B082811E0CC00220D42 /* UIStackView + Extensions.swift */ = {isa = PBXFileReference; lastKnownFileType = sourcecode.swift; path = "UIStackView + Extensions.swift"; sourceTree = "<group>"; };
		889F4B0A2811E0FC00220D42 /* UIView + Extensions.swift */ = {isa = PBXFileReference; lastKnownFileType = sourcecode.swift; path = "UIView + Extensions.swift"; sourceTree = "<group>"; };
		889F4B0F2811EBA900220D42 /* Roboto-Medium.ttf */ = {isa = PBXFileReference; lastKnownFileType = file; path = "Roboto-Medium.ttf"; sourceTree = "<group>"; };
		889F4B102811EBA900220D42 /* Roboto-Bold.ttf */ = {isa = PBXFileReference; lastKnownFileType = file; path = "Roboto-Bold.ttf"; sourceTree = "<group>"; };
		889F4B142816AE8400220D42 /* CalendarView.swift */ = {isa = PBXFileReference; lastKnownFileType = sourcecode.swift; path = CalendarView.swift; sourceTree = "<group>"; };
		889F4B172816C68500220D42 /* CalendarCollectionViewCell.swift */ = {isa = PBXFileReference; lastKnownFileType = sourcecode.swift; path = CalendarCollectionViewCell.swift; sourceTree = "<group>"; };
		889F4B1A2816D67B00220D42 /* WeatherView.swift */ = {isa = PBXFileReference; lastKnownFileType = sourcecode.swift; path = WeatherView.swift; sourceTree = "<group>"; };
		889F4B1C281722CA00220D42 /* WorkoutTableViewCell.swift */ = {isa = PBXFileReference; lastKnownFileType = sourcecode.swift; path = WorkoutTableViewCell.swift; sourceTree = "<group>"; };
/* End PBXFileReference section */

/* Begin PBXFrameworksBuildPhase section */
		889F4AE32810759000220D42 /* Frameworks */ = {
			isa = PBXFrameworksBuildPhase;
			buildActionMask = 2147483647;
			files = (
				88681D69281C191800D83953 /* RealmSwift in Frameworks */,
				88681D67281C191800D83953 /* Realm in Frameworks */,
			);
			runOnlyForDeploymentPostprocessing = 0;
		};
/* End PBXFrameworksBuildPhase section */

/* Begin PBXGroup section */
		88681D60281BFA2700D83953 /* NewWorkoutVC */ = {
			isa = PBXGroup;
			children = (
				88681D61281BFAD200D83953 /* DateAndRepeatView.swift */,
				88681D63281BFAED00D83953 /* RepsOrTimerView.swift */,
			);
			path = NewWorkoutVC;
			sourceTree = "<group>";
		};
		888D2C5D28201B1600ADA410 /* Services */ = {
			isa = PBXGroup;
			children = (
				888D2C5E28201B4300ADA410 /* RealmManager.swift */,
			);
			path = Services;
			sourceTree = "<group>";
		};
		888D2C60282026C800ADA410 /* Alerts */ = {
			isa = PBXGroup;
			children = (
				888D2C61282026F600ADA410 /* SimpleAlert.swift */,
			);
			path = Alerts;
			sourceTree = "<group>";
		};
		888D2C6528218FAF00ADA410 /* StartWorkoutVC */ = {
			isa = PBXGroup;
			children = (
				888D2C6628218FF300ADA410 /* DetailsView.swift */,
			);
			path = StartWorkoutVC;
			sourceTree = "<group>";
		};
		889F4ADD2810758F00220D42 = {
			isa = PBXGroup;
			children = (
				889F4AE82810759000220D42 /* traningApp */,
				889F4AE72810759000220D42 /* Products */,
			);
			sourceTree = "<group>";
		};
		889F4AE72810759000220D42 /* Products */ = {
			isa = PBXGroup;
			children = (
				889F4AE62810759000220D42 /* traningApp.app */,
			);
			name = Products;
			sourceTree = "<group>";
		};
		889F4AE82810759000220D42 /* traningApp */ = {
			isa = PBXGroup;
			children = (
				889F4AFD2811DC7400220D42 /* Application */,
				889F4AFE2811DCEC00220D42 /* Models */,
				889F4B002811DD1A00220D42 /* View */,
				889F4AFF2811DD0600220D42 /* Controllers */,
				888D2C5D28201B1600ADA410 /* Services */,
				889F4B012811DD6100220D42 /* Extension */,
				889F4B032811DDAC00220D42 /* Resources */,
			);
			path = traningApp;
			sourceTree = "<group>";
		};
		889F4AFD2811DC7400220D42 /* Application */ = {
			isa = PBXGroup;
			children = (
				889F4AE92810759000220D42 /* AppDelegate.swift */,
				889F4AEB2810759000220D42 /* SceneDelegate.swift */,
			);
			path = Application;
			sourceTree = "<group>";
		};
		889F4AFE2811DCEC00220D42 /* Models */ = {
			isa = PBXGroup;
			children = (
				88681D6A281C1CD500D83953 /* WorkoutModel.swift */,
			);
			path = Models;
			sourceTree = "<group>";
		};
		889F4AFF2811DD0600220D42 /* Controllers */ = {
			isa = PBXGroup;
			children = (
				88681D58281A9F7900D83953 /* MainTabBarController.swift */,
				889F4AED2810759000220D42 /* MainViewController.swift */,
				88681D54281980F400D83953 /* NewWorkoutViewController.swift */,
				88681D5C281BF9E800D83953 /* StatisticViewController.swift */,
				88681D5E281BFA0F00D83953 /* ProfileViewController.swift */,
				888D2C632821785500ADA410 /* StartWorkoutViewController.swift */,
			);
			path = Controllers;
			sourceTree = "<group>";
		};
		889F4B002811DD1A00220D42 /* View */ = {
			isa = PBXGroup;
			children = (
				888D2C6528218FAF00ADA410 /* StartWorkoutVC */,
				888D2C60282026C800ADA410 /* Alerts */,
				88681D60281BFA2700D83953 /* NewWorkoutVC */,
				889F4B132816ADC900220D42 /* MainVC */,
			);
			path = View;
			sourceTree = "<group>";
		};
		889F4B012811DD6100220D42 /* Extension */ = {
			isa = PBXGroup;
			children = (
				889F4B022811DD9800220D42 /* UIKit */,
			);
			path = Extension;
			sourceTree = "<group>";
		};
		889F4B022811DD9800220D42 /* UIKit */ = {
			isa = PBXGroup;
			children = (
				889F4B042811DFA600220D42 /* UIFont + Extensions.swift */,
				889F4B062811E09600220D42 /* UIColor + Extensions.swift */,
				889F4B082811E0CC00220D42 /* UIStackView + Extensions.swift */,
				889F4B0A2811E0FC00220D42 /* UIView + Extensions.swift */,
				88681D5A281AA08D00D83953 /* UILabel  + Extansions.swift */,
			);
			path = UIKit;
			sourceTree = "<group>";
		};
		889F4B032811DDAC00220D42 /* Resources */ = {
			isa = PBXGroup;
			children = (
				889F4B0E2811EB5200220D42 /* Fonts */,
				889F4AF22810759400220D42 /* Assets.xcassets */,
				889F4AF42810759400220D42 /* LaunchScreen.storyboard */,
				889F4AF72810759400220D42 /* Info.plist */,
			);
			path = Resources;
			sourceTree = "<group>";
		};
		889F4B0E2811EB5200220D42 /* Fonts */ = {
			isa = PBXGroup;
			children = (
				889F4B102811EBA900220D42 /* Roboto-Bold.ttf */,
				889F4B0F2811EBA900220D42 /* Roboto-Medium.ttf */,
			);
			path = Fonts;
			sourceTree = "<group>";
		};
		889F4B132816ADC900220D42 /* MainVC */ = {
			isa = PBXGroup;
			children = (
				889F4B192816C6A500220D42 /* Cells */,
				889F4B142816AE8400220D42 /* CalendarView.swift */,
				889F4B1A2816D67B00220D42 /* WeatherView.swift */,
			);
			path = MainVC;
			sourceTree = "<group>";
		};
		889F4B192816C6A500220D42 /* Cells */ = {
			isa = PBXGroup;
			children = (
				889F4B172816C68500220D42 /* CalendarCollectionViewCell.swift */,
				889F4B1C281722CA00220D42 /* WorkoutTableViewCell.swift */,
			);
			path = Cells;
			sourceTree = "<group>";
		};
/* End PBXGroup section */

/* Begin PBXNativeTarget section */
		889F4AE52810759000220D42 /* traningApp */ = {
			isa = PBXNativeTarget;
			buildConfigurationList = 889F4AFA2810759400220D42 /* Build configuration list for PBXNativeTarget "traningApp" */;
			buildPhases = (
				889F4AE22810759000220D42 /* Sources */,
				889F4AE32810759000220D42 /* Frameworks */,
				889F4AE42810759000220D42 /* Resources */,
			);
			buildRules = (
			);
			dependencies = (
			);
			name = traningApp;
			packageProductDependencies = (
				88681D66281C191800D83953 /* Realm */,
				88681D68281C191800D83953 /* RealmSwift */,
			);
			productName = traningApp;
			productReference = 889F4AE62810759000220D42 /* traningApp.app */;
			productType = "com.apple.product-type.application";
		};
/* End PBXNativeTarget section */

/* Begin PBXProject section */
		889F4ADE2810759000220D42 /* Project object */ = {
			isa = PBXProject;
			attributes = {
				BuildIndependentTargetsInParallel = 1;
				LastSwiftUpdateCheck = 1330;
				LastUpgradeCheck = 1330;
				TargetAttributes = {
					889F4AE52810759000220D42 = {
						CreatedOnToolsVersion = 13.3;
					};
				};
			};
			buildConfigurationList = 889F4AE12810759000220D42 /* Build configuration list for PBXProject "traningApp" */;
			compatibilityVersion = "Xcode 13.0";
			developmentRegion = en;
			hasScannedForEncodings = 0;
			knownRegions = (
				en,
				Base,
			);
			mainGroup = 889F4ADD2810758F00220D42;
			packageReferences = (
				88681D65281C191800D83953 /* XCRemoteSwiftPackageReference "realm-swift" */,
			);
			productRefGroup = 889F4AE72810759000220D42 /* Products */;
			projectDirPath = "";
			projectRoot = "";
			targets = (
				889F4AE52810759000220D42 /* traningApp */,
			);
		};
/* End PBXProject section */

/* Begin PBXResourcesBuildPhase section */
		889F4AE42810759000220D42 /* Resources */ = {
			isa = PBXResourcesBuildPhase;
			buildActionMask = 2147483647;
			files = (
				889F4AF62810759400220D42 /* LaunchScreen.storyboard in Resources */,
				889F4AF32810759400220D42 /* Assets.xcassets in Resources */,
				889F4B122811EBA900220D42 /* Roboto-Bold.ttf in Resources */,
				889F4B112811EBA900220D42 /* Roboto-Medium.ttf in Resources */,
			);
			runOnlyForDeploymentPostprocessing = 0;
		};
/* End PBXResourcesBuildPhase section */

/* Begin PBXSourcesBuildPhase section */
		889F4AE22810759000220D42 /* Sources */ = {
			isa = PBXSourcesBuildPhase;
			buildActionMask = 2147483647;
			files = (
				889F4B0B2811E0FC00220D42 /* UIView + Extensions.swift in Sources */,
				889F4B052811DFA600220D42 /* UIFont + Extensions.swift in Sources */,
				889F4B152816AE8400220D42 /* CalendarView.swift in Sources */,
				88681D5D281BF9E800D83953 /* StatisticViewController.swift in Sources */,
				889F4B092811E0CC00220D42 /* UIStackView + Extensions.swift in Sources */,
				889F4B1D281722CA00220D42 /* WorkoutTableViewCell.swift in Sources */,
				88681D64281BFAED00D83953 /* RepsOrTimerView.swift in Sources */,
				88681D6B281C1CD500D83953 /* WorkoutModel.swift in Sources */,
				88681D5F281BFA0F00D83953 /* ProfileViewController.swift in Sources */,
				88681D5B281AA08D00D83953 /* UILabel  + Extansions.swift in Sources */,
				889F4B072811E09600220D42 /* UIColor + Extensions.swift in Sources */,
				889F4B1B2816D67B00220D42 /* WeatherView.swift in Sources */,
				88681D59281A9F7900D83953 /* MainTabBarController.swift in Sources */,
				889F4AEE2810759000220D42 /* MainViewController.swift in Sources */,
				889F4B182816C68500220D42 /* CalendarCollectionViewCell.swift in Sources */,
				88681D55281980F400D83953 /* NewWorkoutViewController.swift in Sources */,
				888D2C6728218FF300ADA410 /* DetailsView.swift in Sources */,
				888D2C642821785500ADA410 /* StartWorkoutViewController.swift in Sources */,
				88681D62281BFAD200D83953 /* DateAndRepeatView.swift in Sources */,
				888D2C5F28201B4300ADA410 /* RealmManager.swift in Sources */,
				888D2C62282026F600ADA410 /* SimpleAlert.swift in Sources */,
				889F4AEA2810759000220D42 /* AppDelegate.swift in Sources */,
				889F4AEC2810759000220D42 /* SceneDelegate.swift in Sources */,
			);
			runOnlyForDeploymentPostprocessing = 0;
		};
/* End PBXSourcesBuildPhase section */

/* Begin PBXVariantGroup section */
		889F4AF42810759400220D42 /* LaunchScreen.storyboard */ = {
			isa = PBXVariantGroup;
			children = (
				889F4AF52810759400220D42 /* Base */,
			);
			name = LaunchScreen.storyboard;
			sourceTree = "<group>";
		};
/* End PBXVariantGroup section */

/* Begin XCBuildConfiguration section */
		889F4AF82810759400220D42 /* Debug */ = {
			isa = XCBuildConfiguration;
			buildSettings = {
				ALWAYS_SEARCH_USER_PATHS = NO;
				CLANG_ANALYZER_NONNULL = YES;
				CLANG_ANALYZER_NUMBER_OBJECT_CONVERSION = YES_AGGRESSIVE;
				CLANG_CXX_LANGUAGE_STANDARD = "gnu++17";
				CLANG_ENABLE_MODULES = YES;
				CLANG_ENABLE_OBJC_ARC = YES;
				CLANG_ENABLE_OBJC_WEAK = YES;
				CLANG_WARN_BLOCK_CAPTURE_AUTORELEASING = YES;
				CLANG_WARN_BOOL_CONVERSION = YES;
				CLANG_WARN_COMMA = YES;
				CLANG_WARN_CONSTANT_CONVERSION = YES;
				CLANG_WARN_DEPRECATED_OBJC_IMPLEMENTATIONS = YES;
				CLANG_WARN_DIRECT_OBJC_ISA_USAGE = YES_ERROR;
				CLANG_WARN_DOCUMENTATION_COMMENTS = YES;
				CLANG_WARN_EMPTY_BODY = YES;
				CLANG_WARN_ENUM_CONVERSION = YES;
				CLANG_WARN_INFINITE_RECURSION = YES;
				CLANG_WARN_INT_CONVERSION = YES;
				CLANG_WARN_NON_LITERAL_NULL_CONVERSION = YES;
				CLANG_WARN_OBJC_IMPLICIT_RETAIN_SELF = YES;
				CLANG_WARN_OBJC_LITERAL_CONVERSION = YES;
				CLANG_WARN_OBJC_ROOT_CLASS = YES_ERROR;
				CLANG_WARN_QUOTED_INCLUDE_IN_FRAMEWORK_HEADER = YES;
				CLANG_WARN_RANGE_LOOP_ANALYSIS = YES;
				CLANG_WARN_STRICT_PROTOTYPES = YES;
				CLANG_WARN_SUSPICIOUS_MOVE = YES;
				CLANG_WARN_UNGUARDED_AVAILABILITY = YES_AGGRESSIVE;
				CLANG_WARN_UNREACHABLE_CODE = YES;
				CLANG_WARN__DUPLICATE_METHOD_MATCH = YES;
				COPY_PHASE_STRIP = NO;
				DEBUG_INFORMATION_FORMAT = dwarf;
				ENABLE_STRICT_OBJC_MSGSEND = YES;
				ENABLE_TESTABILITY = YES;
				GCC_C_LANGUAGE_STANDARD = gnu11;
				GCC_DYNAMIC_NO_PIC = NO;
				GCC_NO_COMMON_BLOCKS = YES;
				GCC_OPTIMIZATION_LEVEL = 0;
				GCC_PREPROCESSOR_DEFINITIONS = (
					"DEBUG=1",
					"$(inherited)",
				);
				GCC_WARN_64_TO_32_BIT_CONVERSION = YES;
				GCC_WARN_ABOUT_RETURN_TYPE = YES_ERROR;
				GCC_WARN_UNDECLARED_SELECTOR = YES;
				GCC_WARN_UNINITIALIZED_AUTOS = YES_AGGRESSIVE;
				GCC_WARN_UNUSED_FUNCTION = YES;
				GCC_WARN_UNUSED_VARIABLE = YES;
				IPHONEOS_DEPLOYMENT_TARGET = 15.4;
				MTL_ENABLE_DEBUG_INFO = INCLUDE_SOURCE;
				MTL_FAST_MATH = YES;
				ONLY_ACTIVE_ARCH = YES;
				SDKROOT = iphoneos;
				SWIFT_ACTIVE_COMPILATION_CONDITIONS = DEBUG;
				SWIFT_OPTIMIZATION_LEVEL = "-Onone";
			};
			name = Debug;
		};
		889F4AF92810759400220D42 /* Release */ = {
			isa = XCBuildConfiguration;
			buildSettings = {
				ALWAYS_SEARCH_USER_PATHS = NO;
				CLANG_ANALYZER_NONNULL = YES;
				CLANG_ANALYZER_NUMBER_OBJECT_CONVERSION = YES_AGGRESSIVE;
				CLANG_CXX_LANGUAGE_STANDARD = "gnu++17";
				CLANG_ENABLE_MODULES = YES;
				CLANG_ENABLE_OBJC_ARC = YES;
				CLANG_ENABLE_OBJC_WEAK = YES;
				CLANG_WARN_BLOCK_CAPTURE_AUTORELEASING = YES;
				CLANG_WARN_BOOL_CONVERSION = YES;
				CLANG_WARN_COMMA = YES;
				CLANG_WARN_CONSTANT_CONVERSION = YES;
				CLANG_WARN_DEPRECATED_OBJC_IMPLEMENTATIONS = YES;
				CLANG_WARN_DIRECT_OBJC_ISA_USAGE = YES_ERROR;
				CLANG_WARN_DOCUMENTATION_COMMENTS = YES;
				CLANG_WARN_EMPTY_BODY = YES;
				CLANG_WARN_ENUM_CONVERSION = YES;
				CLANG_WARN_INFINITE_RECURSION = YES;
				CLANG_WARN_INT_CONVERSION = YES;
				CLANG_WARN_NON_LITERAL_NULL_CONVERSION = YES;
				CLANG_WARN_OBJC_IMPLICIT_RETAIN_SELF = YES;
				CLANG_WARN_OBJC_LITERAL_CONVERSION = YES;
				CLANG_WARN_OBJC_ROOT_CLASS = YES_ERROR;
				CLANG_WARN_QUOTED_INCLUDE_IN_FRAMEWORK_HEADER = YES;
				CLANG_WARN_RANGE_LOOP_ANALYSIS = YES;
				CLANG_WARN_STRICT_PROTOTYPES = YES;
				CLANG_WARN_SUSPICIOUS_MOVE = YES;
				CLANG_WARN_UNGUARDED_AVAILABILITY = YES_AGGRESSIVE;
				CLANG_WARN_UNREACHABLE_CODE = YES;
				CLANG_WARN__DUPLICATE_METHOD_MATCH = YES;
				COPY_PHASE_STRIP = NO;
				DEBUG_INFORMATION_FORMAT = "dwarf-with-dsym";
				ENABLE_NS_ASSERTIONS = NO;
				ENABLE_STRICT_OBJC_MSGSEND = YES;
				GCC_C_LANGUAGE_STANDARD = gnu11;
				GCC_NO_COMMON_BLOCKS = YES;
				GCC_WARN_64_TO_32_BIT_CONVERSION = YES;
				GCC_WARN_ABOUT_RETURN_TYPE = YES_ERROR;
				GCC_WARN_UNDECLARED_SELECTOR = YES;
				GCC_WARN_UNINITIALIZED_AUTOS = YES_AGGRESSIVE;
				GCC_WARN_UNUSED_FUNCTION = YES;
				GCC_WARN_UNUSED_VARIABLE = YES;
				IPHONEOS_DEPLOYMENT_TARGET = 15.4;
				MTL_ENABLE_DEBUG_INFO = NO;
				MTL_FAST_MATH = YES;
				SDKROOT = iphoneos;
				SWIFT_COMPILATION_MODE = wholemodule;
				SWIFT_OPTIMIZATION_LEVEL = "-O";
				VALIDATE_PRODUCT = YES;
			};
			name = Release;
		};
		889F4AFB2810759400220D42 /* Debug */ = {
			isa = XCBuildConfiguration;
			buildSettings = {
				ASSETCATALOG_COMPILER_APPICON_NAME = AppIcon;
				ASSETCATALOG_COMPILER_GLOBAL_ACCENT_COLOR_NAME = AccentColor;
				CODE_SIGN_STYLE = Automatic;
				CURRENT_PROJECT_VERSION = 1;
				DEVELOPMENT_TEAM = BHK675K292;
				GENERATE_INFOPLIST_FILE = YES;
				INFOPLIST_FILE = traningApp/Resources/Info.plist;
				INFOPLIST_KEY_UIApplicationSupportsIndirectInputEvents = YES;
				INFOPLIST_KEY_UILaunchStoryboardName = LaunchScreen;
				INFOPLIST_KEY_UISupportedInterfaceOrientations = UIInterfaceOrientationPortrait;
				INFOPLIST_KEY_UISupportedInterfaceOrientations_iPad = "UIInterfaceOrientationPortrait UIInterfaceOrientationPortraitUpsideDown UIInterfaceOrientationLandscapeLeft UIInterfaceOrientationLandscapeRight";
				INFOPLIST_KEY_UISupportedInterfaceOrientations_iPhone = "UIInterfaceOrientationPortrait UIInterfaceOrientationLandscapeLeft UIInterfaceOrientationLandscapeRight";
				IPHONEOS_DEPLOYMENT_TARGET = 13.0;
				LD_RUNPATH_SEARCH_PATHS = (
					"$(inherited)",
					"@executable_path/Frameworks",
				);
				MARKETING_VERSION = 1.0;
				PRODUCT_BUNDLE_IDENTIFIER = q.traningApp;
				PRODUCT_NAME = "$(TARGET_NAME)";
				SWIFT_EMIT_LOC_STRINGS = YES;
				SWIFT_VERSION = 5.0;
				TARGETED_DEVICE_FAMILY = 1;
			};
			name = Debug;
		};
		889F4AFC2810759400220D42 /* Release */ = {
			isa = XCBuildConfiguration;
			buildSettings = {
				ASSETCATALOG_COMPILER_APPICON_NAME = AppIcon;
				ASSETCATALOG_COMPILER_GLOBAL_ACCENT_COLOR_NAME = AccentColor;
				CODE_SIGN_STYLE = Automatic;
				CURRENT_PROJECT_VERSION = 1;
				DEVELOPMENT_TEAM = BHK675K292;
				GENERATE_INFOPLIST_FILE = YES;
				INFOPLIST_FILE = traningApp/Resources/Info.plist;
				INFOPLIST_KEY_UIApplicationSupportsIndirectInputEvents = YES;
				INFOPLIST_KEY_UILaunchStoryboardName = LaunchScreen;
				INFOPLIST_KEY_UISupportedInterfaceOrientations = UIInterfaceOrientationPortrait;
				INFOPLIST_KEY_UISupportedInterfaceOrientations_iPad = "UIInterfaceOrientationPortrait UIInterfaceOrientationPortraitUpsideDown UIInterfaceOrientationLandscapeLeft UIInterfaceOrientationLandscapeRight";
				INFOPLIST_KEY_UISupportedInterfaceOrientations_iPhone = "UIInterfaceOrientationPortrait UIInterfaceOrientationLandscapeLeft UIInterfaceOrientationLandscapeRight";
				IPHONEOS_DEPLOYMENT_TARGET = 13.0;
				LD_RUNPATH_SEARCH_PATHS = (
					"$(inherited)",
					"@executable_path/Frameworks",
				);
				MARKETING_VERSION = 1.0;
				PRODUCT_BUNDLE_IDENTIFIER = q.traningApp;
				PRODUCT_NAME = "$(TARGET_NAME)";
				SWIFT_EMIT_LOC_STRINGS = YES;
				SWIFT_VERSION = 5.0;
				TARGETED_DEVICE_FAMILY = 1;
			};
			name = Release;
		};
/* End XCBuildConfiguration section */

/* Begin XCConfigurationList section */
		889F4AE12810759000220D42 /* Build configuration list for PBXProject "traningApp" */ = {
			isa = XCConfigurationList;
			buildConfigurations = (
				889F4AF82810759400220D42 /* Debug */,
				889F4AF92810759400220D42 /* Release */,
			);
			defaultConfigurationIsVisible = 0;
			defaultConfigurationName = Release;
		};
		889F4AFA2810759400220D42 /* Build configuration list for PBXNativeTarget "traningApp" */ = {
			isa = XCConfigurationList;
			buildConfigurations = (
				889F4AFB2810759400220D42 /* Debug */,
				889F4AFC2810759400220D42 /* Release */,
			);
			defaultConfigurationIsVisible = 0;
			defaultConfigurationName = Release;
		};
/* End XCConfigurationList section */

/* Begin XCRemoteSwiftPackageReference section */
		88681D65281C191800D83953 /* XCRemoteSwiftPackageReference "realm-swift" */ = {
			isa = XCRemoteSwiftPackageReference;
			repositoryURL = "https://github.com/realm/realm-swift.git";
			requirement = {
				branch = master;
				kind = branch;
			};
		};
/* End XCRemoteSwiftPackageReference section */

/* Begin XCSwiftPackageProductDependency section */
		88681D66281C191800D83953 /* Realm */ = {
			isa = XCSwiftPackageProductDependency;
			package = 88681D65281C191800D83953 /* XCRemoteSwiftPackageReference "realm-swift" */;
			productName = Realm;
		};
		88681D68281C191800D83953 /* RealmSwift */ = {
			isa = XCSwiftPackageProductDependency;
			package = 88681D65281C191800D83953 /* XCRemoteSwiftPackageReference "realm-swift" */;
			productName = RealmSwift;
		};
/* End XCSwiftPackageProductDependency section */
	};
	rootObject = 889F4ADE2810759000220D42 /* Project object */;
}
